
Microsoft Visual Studio Solution File, Format Version 12.00
# Visual Studio Version 17
VisualStudioVersion = 17.6.33829.357
MinimumVisualStudioVersion = 10.0.40219.1
Project("{FAE04EC0-301F-11D3-BF4B-00C04F79EFBC}") = "COMPILADOR_EXTRACLASE", "COMPILADOR_EXTRACLASE\COMPILADOR_EXTRACLASE.csproj", "{CED8801F-94A5-4534-B6C8-D24A859A4F85}"
EndProject
Global
	GlobalSection(SolutionConfigurationPlatforms) = preSolution
		Debug|Any CPU = Debug|Any CPU
		Release|Any CPU = Release|Any CPU
	EndGlobalSection
	GlobalSection(ProjectConfigurationPlatforms) = postSolution
		{CED8801F-94A5-4534-B6C8-D24A859A4F85}.Debug|Any CPU.ActiveCfg = Debug|Any CPU
		{CED8801F-94A5-4534-B6C8-D24A859A4F85}.Debug|Any CPU.Build.0 = Debug|Any CPU
		{CED8801F-94A5-4534-B6C8-D24A859A4F85}.Release|Any CPU.ActiveCfg = Release|Any CPU
		{CED8801F-94A5-4534-B6C8-D24A859A4F85}.Release|Any CPU.Build.0 = Release|Any CPU
	EndGlobalSection
	GlobalSection(SolutionProperties) = preSolution
		HideSolutionNode = FALSE
	EndGlobalSection
	GlobalSection(ExtensibilityGlobals) = postSolution
		SolutionGuid = {2249AC4C-6452-4166-89F5-B9C6C9C96228}
	EndGlobalSection
EndGlobal
